// !$*UTF8*$!
{
	archiveVersion = 1;
	classes = {
	};
	objectVersion = 56;
	objects = {

/* Begin PBXBuildFile section */
		1363D4102AB6C49700FB5911 /* CollapsingHeaderScrollViewController.swift in Sources */ = {isa = PBXBuildFile; fileRef = 1363D40F2AB6C49700FB5911 /* CollapsingHeaderScrollViewController.swift */; };
		1363D4122AB6C51300FB5911 /* PageViewObserver.swift in Sources */ = {isa = PBXBuildFile; fileRef = 1363D4112AB6C51300FB5911 /* PageViewObserver.swift */; };
		1363D4142AB6C56300FB5911 /* CollectionViewCell.swift in Sources */ = {isa = PBXBuildFile; fileRef = 1363D4132AB6C56300FB5911 /* CollectionViewCell.swift */; };
		1363D4172AB6C5AC00FB5911 /* UIPageViewController+.swift in Sources */ = {isa = PBXBuildFile; fileRef = 1363D4162AB6C5AC00FB5911 /* UIPageViewController+.swift */; };
		1363D41A2AB6C5E700FB5911 /* TabButtonView.swift in Sources */ = {isa = PBXBuildFile; fileRef = 1363D4192AB6C5E700FB5911 /* TabButtonView.swift */; };
		1363D41C2AB8190500FB5911 /* CustomHeaderView.swift in Sources */ = {isa = PBXBuildFile; fileRef = 1363D41B2AB8190500FB5911 /* CustomHeaderView.swift */; };
		1363D41E2AB8191300FB5911 /* CustomHeaderView.xib in Resources */ = {isa = PBXBuildFile; fileRef = 1363D41D2AB8191300FB5911 /* CustomHeaderView.xib */; };
		1363D4202AB825B900FB5911 /* UIColor+.swift in Sources */ = {isa = PBXBuildFile; fileRef = 1363D41F2AB825B900FB5911 /* UIColor+.swift */; };
		1363D4222AB825ED00FB5911 /* UIScrollView+.swift in Sources */ = {isa = PBXBuildFile; fileRef = 1363D4212AB825ED00FB5911 /* UIScrollView+.swift */; };
		13D468172AB5783100F5B42D /* AppDelegate.swift in Sources */ = {isa = PBXBuildFile; fileRef = 13D468162AB5783100F5B42D /* AppDelegate.swift */; };
		13D468192AB5783100F5B42D /* SceneDelegate.swift in Sources */ = {isa = PBXBuildFile; fileRef = 13D468182AB5783100F5B42D /* SceneDelegate.swift */; };
		13D4681B2AB5783100F5B42D /* ViewController.swift in Sources */ = {isa = PBXBuildFile; fileRef = 13D4681A2AB5783100F5B42D /* ViewController.swift */; };
		13D4681E2AB5783100F5B42D /* Main.storyboard in Resources */ = {isa = PBXBuildFile; fileRef = 13D4681C2AB5783100F5B42D /* Main.storyboard */; };
		13D468202AB5783200F5B42D /* Assets.xcassets in Resources */ = {isa = PBXBuildFile; fileRef = 13D4681F2AB5783200F5B42D /* Assets.xcassets */; };
		13D468232AB5783200F5B42D /* LaunchScreen.storyboard in Resources */ = {isa = PBXBuildFile; fileRef = 13D468212AB5783200F5B42D /* LaunchScreen.storyboard */; };
/* End PBXBuildFile section */

/* Begin PBXFileReference section */
		1363D40F2AB6C49700FB5911 /* CollapsingHeaderScrollViewController.swift */ = {isa = PBXFileReference; lastKnownFileType = sourcecode.swift; path = CollapsingHeaderScrollViewController.swift; sourceTree = "<group>"; };
		1363D4112AB6C51300FB5911 /* PageViewObserver.swift */ = {isa = PBXFileReference; lastKnownFileType = sourcecode.swift; path = PageViewObserver.swift; sourceTree = "<group>"; };
		1363D4132AB6C56300FB5911 /* CollectionViewCell.swift */ = {isa = PBXFileReference; lastKnownFileType = sourcecode.swift; path = CollectionViewCell.swift; sourceTree = "<group>"; };
		1363D4162AB6C5AC00FB5911 /* UIPageViewController+.swift */ = {isa = PBXFileReference; lastKnownFileType = sourcecode.swift; path = "UIPageViewController+.swift"; sourceTree = "<group>"; };
		1363D4192AB6C5E700FB5911 /* TabButtonView.swift */ = {isa = PBXFileReference; lastKnownFileType = sourcecode.swift; path = TabButtonView.swift; sourceTree = "<group>"; };
		1363D41B2AB8190500FB5911 /* CustomHeaderView.swift */ = {isa = PBXFileReference; lastKnownFileType = sourcecode.swift; path = CustomHeaderView.swift; sourceTree = "<group>"; };
		1363D41D2AB8191300FB5911 /* CustomHeaderView.xib */ = {isa = PBXFileReference; lastKnownFileType = file.xib; path = CustomHeaderView.xib; sourceTree = "<group>"; };
		1363D41F2AB825B900FB5911 /* UIColor+.swift */ = {isa = PBXFileReference; lastKnownFileType = sourcecode.swift; path = "UIColor+.swift"; sourceTree = "<group>"; };
		1363D4212AB825ED00FB5911 /* UIScrollView+.swift */ = {isa = PBXFileReference; lastKnownFileType = sourcecode.swift; path = "UIScrollView+.swift"; sourceTree = "<group>"; };
		13D468132AB5783100F5B42D /* CollapsingHeaderTest.app */ = {isa = PBXFileReference; explicitFileType = wrapper.application; includeInIndex = 0; path = CollapsingHeaderTest.app; sourceTree = BUILT_PRODUCTS_DIR; };
		13D468162AB5783100F5B42D /* AppDelegate.swift */ = {isa = PBXFileReference; lastKnownFileType = sourcecode.swift; path = AppDelegate.swift; sourceTree = "<group>"; };
		13D468182AB5783100F5B42D /* SceneDelegate.swift */ = {isa = PBXFileReference; lastKnownFileType = sourcecode.swift; path = SceneDelegate.swift; sourceTree = "<group>"; };
		13D4681A2AB5783100F5B42D /* ViewController.swift */ = {isa = PBXFileReference; lastKnownFileType = sourcecode.swift; path = ViewController.swift; sourceTree = "<group>"; };
		13D4681D2AB5783100F5B42D /* Base */ = {isa = PBXFileReference; lastKnownFileType = file.storyboard; name = Base; path = Base.lproj/Main.storyboard; sourceTree = "<group>"; };
		13D4681F2AB5783200F5B42D /* Assets.xcassets */ = {isa = PBXFileReference; lastKnownFileType = folder.assetcatalog; path = Assets.xcassets; sourceTree = "<group>"; };
		13D468222AB5783200F5B42D /* Base */ = {isa = PBXFileReference; lastKnownFileType = file.storyboard; name = Base; path = Base.lproj/LaunchScreen.storyboard; sourceTree = "<group>"; };
		13D468242AB5783200F5B42D /* Info.plist */ = {isa = PBXFileReference; lastKnownFileType = text.plist.xml; path = Info.plist; sourceTree = "<group>"; };
/* End PBXFileReference section */

/* Begin PBXFrameworksBuildPhase section */
		13D468102AB5783100F5B42D /* Frameworks */ = {
			isa = PBXFrameworksBuildPhase;
			buildActionMask = 2147483647;
			files = (
			);
			runOnlyForDeploymentPostprocessing = 0;
		};
/* End PBXFrameworksBuildPhase section */

/* Begin PBXGroup section */
		1363D4152AB6C59E00FB5911 /* Extension */ = {
			isa = PBXGroup;
			children = (
				1363D4162AB6C5AC00FB5911 /* UIPageViewController+.swift */,
				1363D41F2AB825B900FB5911 /* UIColor+.swift */,
				1363D4212AB825ED00FB5911 /* UIScrollView+.swift */,
			);
			path = Extension;
			sourceTree = "<group>";
		};
		1363D4182AB6C5DB00FB5911 /* Parts */ = {
			isa = PBXGroup;
			children = (
				1363D4192AB6C5E700FB5911 /* TabButtonView.swift */,
				1363D41B2AB8190500FB5911 /* CustomHeaderView.swift */,
				1363D41D2AB8191300FB5911 /* CustomHeaderView.xib */,
			);
			path = Parts;
			sourceTree = "<group>";
		};
		13D4680A2AB5783100F5B42D = {
			isa = PBXGroup;
			children = (
				13D468152AB5783100F5B42D /* CollapsingHeaderTest */,
				13D468142AB5783100F5B42D /* Products */,
			);
			sourceTree = "<group>";
		};
		13D468142AB5783100F5B42D /* Products */ = {
			isa = PBXGroup;
			children = (
				13D468132AB5783100F5B42D /* CollapsingHeaderTest.app */,
			);
			name = Products;
			sourceTree = "<group>";
		};
		13D468152AB5783100F5B42D /* CollapsingHeaderTest */ = {
			isa = PBXGroup;
			children = (
				13D468162AB5783100F5B42D /* AppDelegate.swift */,
				13D468182AB5783100F5B42D /* SceneDelegate.swift */,
				13D4681A2AB5783100F5B42D /* ViewController.swift */,
				1363D4112AB6C51300FB5911 /* PageViewObserver.swift */,
				1363D40F2AB6C49700FB5911 /* CollapsingHeaderScrollViewController.swift */,
				1363D4182AB6C5DB00FB5911 /* Parts */,
				1363D4152AB6C59E00FB5911 /* Extension */,
				1363D4132AB6C56300FB5911 /* CollectionViewCell.swift */,
				13D4681C2AB5783100F5B42D /* Main.storyboard */,
				13D4681F2AB5783200F5B42D /* Assets.xcassets */,
				13D468212AB5783200F5B42D /* LaunchScreen.storyboard */,
				13D468242AB5783200F5B42D /* Info.plist */,
			);
			path = CollapsingHeaderTest;
			sourceTree = "<group>";
		};
/* End PBXGroup section */

/* Begin PBXNativeTarget section */
		13D468122AB5783100F5B42D /* CollapsingHeaderTest */ = {
			isa = PBXNativeTarget;
			buildConfigurationList = 13D468272AB5783200F5B42D /* Build configuration list for PBXNativeTarget "CollapsingHeaderTest" */;
			buildPhases = (
				13D4680F2AB5783100F5B42D /* Sources */,
				13D468102AB5783100F5B42D /* Frameworks */,
				13D468112AB5783100F5B42D /* Resources */,
			);
			buildRules = (
			);
			dependencies = (
			);
			name = CollapsingHeaderTest;
			productName = CollapsingHeaderTest;
			productReference = 13D468132AB5783100F5B42D /* CollapsingHeaderTest.app */;
			productType = "com.apple.product-type.application";
		};
/* End PBXNativeTarget section */

/* Begin PBXProject section */
		13D4680B2AB5783100F5B42D /* Project object */ = {
			isa = PBXProject;
			attributes = {
				BuildIndependentTargetsInParallel = 1;
				LastSwiftUpdateCheck = 1420;
				LastUpgradeCheck = 1420;
				TargetAttributes = {
					13D468122AB5783100F5B42D = {
						CreatedOnToolsVersion = 14.2;
					};
				};
			};
			buildConfigurationList = 13D4680E2AB5783100F5B42D /* Build configuration list for PBXProject "CollapsingHeaderTest" */;
			compatibilityVersion = "Xcode 14.0";
			developmentRegion = en;
			hasScannedForEncodings = 0;
			knownRegions = (
				en,
				Base,
			);
			mainGroup = 13D4680A2AB5783100F5B42D;
			productRefGroup = 13D468142AB5783100F5B42D /* Products */;
			projectDirPath = "";
			projectRoot = "";
			targets = (
				13D468122AB5783100F5B42D /* CollapsingHeaderTest */,
			);
		};
/* End PBXProject section */

/* Begin PBXResourcesBuildPhase section */
		13D468112AB5783100F5B42D /* Resources */ = {
			isa = PBXResourcesBuildPhase;
			buildActionMask = 2147483647;
			files = (
				13D468232AB5783200F5B42D /* LaunchScreen.storyboard in Resources */,
				1363D41E2AB8191300FB5911 /* CustomHeaderView.xib in Resources */,
				13D468202AB5783200F5B42D /* Assets.xcassets in Resources */,
				13D4681E2AB5783100F5B42D /* Main.storyboard in Resources */,
			);
			runOnlyForDeploymentPostprocessing = 0;
		};
/* End PBXResourcesBuildPhase section */

/* Begin PBXSourcesBuildPhase section */
		13D4680F2AB5783100F5B42D /* Sources */ = {
			isa = PBXSourcesBuildPhase;
			buildActionMask = 2147483647;
			files = (
				1363D4102AB6C49700FB5911 /* CollapsingHeaderScrollViewController.swift in Sources */,
				13D4681B2AB5783100F5B42D /* ViewController.swift in Sources */,
				1363D4142AB6C56300FB5911 /* CollectionViewCell.swift in Sources */,
				1363D41C2AB8190500FB5911 /* CustomHeaderView.swift in Sources */,
				1363D4222AB825ED00FB5911 /* UIScrollView+.swift in Sources */,
				1363D4172AB6C5AC00FB5911 /* UIPageViewController+.swift in Sources */,
				1363D41A2AB6C5E700FB5911 /* TabButtonView.swift in Sources */,
				13D468172AB5783100F5B42D /* AppDelegate.swift in Sources */,
				1363D4122AB6C51300FB5911 /* PageViewObserver.swift in Sources */,
				13D468192AB5783100F5B42D /* SceneDelegate.swift in Sources */,
				1363D4202AB825B900FB5911 /* UIColor+.swift in Sources */,
			);
			runOnlyForDeploymentPostprocessing = 0;
		};
/* End PBXSourcesBuildPhase section */

/* Begin PBXVariantGroup section */
		13D4681C2AB5783100F5B42D /* Main.storyboard */ = {
			isa = PBXVariantGroup;
			children = (
				13D4681D2AB5783100F5B42D /* Base */,
			);
			name = Main.storyboard;
			sourceTree = "<group>";
		};
		13D468212AB5783200F5B42D /* LaunchScreen.storyboard */ = {
			isa = PBXVariantGroup;
			children = (
				13D468222AB5783200F5B42D /* Base */,
			);
			name = LaunchScreen.storyboard;
			sourceTree = "<group>";
		};
/* End PBXVariantGroup section */

/* Begin XCBuildConfiguration section */
		13D468252AB5783200F5B42D /* Debug */ = {
			isa = XCBuildConfiguration;
			buildSettings = {
				ALWAYS_SEARCH_USER_PATHS = NO;
				CLANG_ANALYZER_NONNULL = YES;
				CLANG_ANALYZER_NUMBER_OBJECT_CONVERSION = YES_AGGRESSIVE;
				CLANG_CXX_LANGUAGE_STANDARD = "gnu++20";
				CLANG_ENABLE_MODULES = YES;
				CLANG_ENABLE_OBJC_ARC = YES;
				CLANG_ENABLE_OBJC_WEAK = YES;
				CLANG_WARN_BLOCK_CAPTURE_AUTORELEASING = YES;
				CLANG_WARN_BOOL_CONVERSION = YES;
				CLANG_WARN_COMMA = YES;
				CLANG_WARN_CONSTANT_CONVERSION = YES;
				CLANG_WARN_DEPRECATED_OBJC_IMPLEMENTATIONS = YES;
				CLANG_WARN_DIRECT_OBJC_ISA_USAGE = YES_ERROR;
				CLANG_WARN_DOCUMENTATION_COMMENTS = YES;
				CLANG_WARN_EMPTY_BODY = YES;
				CLANG_WARN_ENUM_CONVERSION = YES;
				CLANG_WARN_INFINITE_RECURSION = YES;
				CLANG_WARN_INT_CONVERSION = YES;
				CLANG_WARN_NON_LITERAL_NULL_CONVERSION = YES;
				CLANG_WARN_OBJC_IMPLICIT_RETAIN_SELF = YES;
				CLANG_WARN_OBJC_LITERAL_CONVERSION = YES;
				CLANG_WARN_OBJC_ROOT_CLASS = YES_ERROR;
				CLANG_WARN_QUOTED_INCLUDE_IN_FRAMEWORK_HEADER = YES;
				CLANG_WARN_RANGE_LOOP_ANALYSIS = YES;
				CLANG_WARN_STRICT_PROTOTYPES = YES;
				CLANG_WARN_SUSPICIOUS_MOVE = YES;
				CLANG_WARN_UNGUARDED_AVAILABILITY = YES_AGGRESSIVE;
				CLANG_WARN_UNREACHABLE_CODE = YES;
				CLANG_WARN__DUPLICATE_METHOD_MATCH = YES;
				COPY_PHASE_STRIP = NO;
				DEBUG_INFORMATION_FORMAT = dwarf;
				ENABLE_STRICT_OBJC_MSGSEND = YES;
				ENABLE_TESTABILITY = YES;
				GCC_C_LANGUAGE_STANDARD = gnu11;
				GCC_DYNAMIC_NO_PIC = NO;
				GCC_NO_COMMON_BLOCKS = YES;
				GCC_OPTIMIZATION_LEVEL = 0;
				GCC_PREPROCESSOR_DEFINITIONS = (
					"DEBUG=1",
					"$(inherited)",
				);
				GCC_WARN_64_TO_32_BIT_CONVERSION = YES;
				GCC_WARN_ABOUT_RETURN_TYPE = YES_ERROR;
				GCC_WARN_UNDECLARED_SELECTOR = YES;
				GCC_WARN_UNINITIALIZED_AUTOS = YES_AGGRESSIVE;
				GCC_WARN_UNUSED_FUNCTION = YES;
				GCC_WARN_UNUSED_VARIABLE = YES;
				IPHONEOS_DEPLOYMENT_TARGET = 16.2;
				MTL_ENABLE_DEBUG_INFO = INCLUDE_SOURCE;
				MTL_FAST_MATH = YES;
				ONLY_ACTIVE_ARCH = YES;
				SDKROOT = iphoneos;
				SWIFT_ACTIVE_COMPILATION_CONDITIONS = DEBUG;
				SWIFT_OPTIMIZATION_LEVEL = "-Onone";
			};
			name = Debug;
		};
		13D468262AB5783200F5B42D /* Release */ = {
			isa = XCBuildConfiguration;
			buildSettings = {
				ALWAYS_SEARCH_USER_PATHS = NO;
				CLANG_ANALYZER_NONNULL = YES;
				CLANG_ANALYZER_NUMBER_OBJECT_CONVERSION = YES_AGGRESSIVE;
				CLANG_CXX_LANGUAGE_STANDARD = "gnu++20";
				CLANG_ENABLE_MODULES = YES;
				CLANG_ENABLE_OBJC_ARC = YES;
				CLANG_ENABLE_OBJC_WEAK = YES;
				CLANG_WARN_BLOCK_CAPTURE_AUTORELEASING = YES;
				CLANG_WARN_BOOL_CONVERSION = YES;
				CLANG_WARN_COMMA = YES;
				CLANG_WARN_CONSTANT_CONVERSION = YES;
				CLANG_WARN_DEPRECATED_OBJC_IMPLEMENTATIONS = YES;
				CLANG_WARN_DIRECT_OBJC_ISA_USAGE = YES_ERROR;
				CLANG_WARN_DOCUMENTATION_COMMENTS = YES;
				CLANG_WARN_EMPTY_BODY = YES;
				CLANG_WARN_ENUM_CONVERSION = YES;
				CLANG_WARN_INFINITE_RECURSION = YES;
				CLANG_WARN_INT_CONVERSION = YES;
				CLANG_WARN_NON_LITERAL_NULL_CONVERSION = YES;
				CLANG_WARN_OBJC_IMPLICIT_RETAIN_SELF = YES;
				CLANG_WARN_OBJC_LITERAL_CONVERSION = YES;
				CLANG_WARN_OBJC_ROOT_CLASS = YES_ERROR;
				CLANG_WARN_QUOTED_INCLUDE_IN_FRAMEWORK_HEADER = YES;
				CLANG_WARN_RANGE_LOOP_ANALYSIS = YES;
				CLANG_WARN_STRICT_PROTOTYPES = YES;
				CLANG_WARN_SUSPICIOUS_MOVE = YES;
				CLANG_WARN_UNGUARDED_AVAILABILITY = YES_AGGRESSIVE;
				CLANG_WARN_UNREACHABLE_CODE = YES;
				CLANG_WARN__DUPLICATE_METHOD_MATCH = YES;
				COPY_PHASE_STRIP = NO;
				DEBUG_INFORMATION_FORMAT = "dwarf-with-dsym";
				ENABLE_NS_ASSERTIONS = NO;
				ENABLE_STRICT_OBJC_MSGSEND = YES;
				GCC_C_LANGUAGE_STANDARD = gnu11;
				GCC_NO_COMMON_BLOCKS = YES;
				GCC_WARN_64_TO_32_BIT_CONVERSION = YES;
				GCC_WARN_ABOUT_RETURN_TYPE = YES_ERROR;
				GCC_WARN_UNDECLARED_SELECTOR = YES;
				GCC_WARN_UNINITIALIZED_AUTOS = YES_AGGRESSIVE;
				GCC_WARN_UNUSED_FUNCTION = YES;
				GCC_WARN_UNUSED_VARIABLE = YES;
				IPHONEOS_DEPLOYMENT_TARGET = 16.2;
				MTL_ENABLE_DEBUG_INFO = NO;
				MTL_FAST_MATH = YES;
				SDKROOT = iphoneos;
				SWIFT_COMPILATION_MODE = wholemodule;
				SWIFT_OPTIMIZATION_LEVEL = "-O";
				VALIDATE_PRODUCT = YES;
			};
			name = Release;
		};
		13D468282AB5783200F5B42D /* Debug */ = {
			isa = XCBuildConfiguration;
			buildSettings = {
				ASSETCATALOG_COMPILER_APPICON_NAME = AppIcon;
				ASSETCATALOG_COMPILER_GLOBAL_ACCENT_COLOR_NAME = AccentColor;
				CODE_SIGN_STYLE = Automatic;
				CURRENT_PROJECT_VERSION = 1;
				DEVELOPMENT_TEAM = 5VM7ARKGV2;
				GENERATE_INFOPLIST_FILE = YES;
				INFOPLIST_FILE = CollapsingHeaderTest/Info.plist;
				INFOPLIST_KEY_UIApplicationSupportsIndirectInputEvents = YES;
				INFOPLIST_KEY_UILaunchStoryboardName = LaunchScreen;
				INFOPLIST_KEY_UIMainStoryboardFile = Main;
				INFOPLIST_KEY_UISupportedInterfaceOrientations_iPad = "UIInterfaceOrientationPortrait UIInterfaceOrientationPortraitUpsideDown UIInterfaceOrientationLandscapeLeft UIInterfaceOrientationLandscapeRight";
				INFOPLIST_KEY_UISupportedInterfaceOrientations_iPhone = "UIInterfaceOrientationPortrait UIInterfaceOrientationLandscapeLeft UIInterfaceOrientationLandscapeRight";
				LD_RUNPATH_SEARCH_PATHS = (
					"$(inherited)",
					"@executable_path/Frameworks",
				);
				MARKETING_VERSION = 1.0;
				PRODUCT_BUNDLE_IDENTIFIER = chitomo12.CollapsingHeaderTest;
				PRODUCT_NAME = "$(TARGET_NAME)";
				SWIFT_EMIT_LOC_STRINGS = YES;
				SWIFT_VERSION = 5.0;
				TARGETED_DEVICE_FAMILY = "1,2";
			};
			name = Debug;
		};
		13D468292AB5783200F5B42D /* Release */ = {
			isa = XCBuildConfiguration;
			buildSettings = {
				ASSETCATALOG_COMPILER_APPICON_NAME = AppIcon;
				ASSETCATALOG_COMPILER_GLOBAL_ACCENT_COLOR_NAME = AccentColor;
				CODE_SIGN_STYLE = Automatic;
				CURRENT_PROJECT_VERSION = 1;
				DEVELOPMENT_TEAM = 5VM7ARKGV2;
				GENERATE_INFOPLIST_FILE = YES;
				INFOPLIST_FILE = CollapsingHeaderTest/Info.plist;
				INFOPLIST_KEY_UIApplicationSupportsIndirectInputEvents = YES;
				INFOPLIST_KEY_UILaunchStoryboardName = LaunchScreen;
				INFOPLIST_KEY_UIMainStoryboardFile = Main;
				INFOPLIST_KEY_UISupportedInterfaceOrientations_iPad = "UIInterfaceOrientationPortrait UIInterfaceOrientationPortraitUpsideDown UIInterfaceOrientationLandscapeLeft UIInterfaceOrientationLandscapeRight";
				INFOPLIST_KEY_UISupportedInterfaceOrientations_iPhone = "UIInterfaceOrientationPortrait UIInterfaceOrientationLandscapeLeft UIInterfaceOrientationLandscapeRight";
				LD_RUNPATH_SEARCH_PATHS = (
					"$(inherited)",
					"@executable_path/Frameworks",
				);
				MARKETING_VERSION = 1.0;
				PRODUCT_BUNDLE_IDENTIFIER = chitomo12.CollapsingHeaderTest;
				PRODUCT_NAME = "$(TARGET_NAME)";
				SWIFT_EMIT_LOC_STRINGS = YES;
				SWIFT_VERSION = 5.0;
				TARGETED_DEVICE_FAMILY = "1,2";
			};
			name = Release;
		};
/* End XCBuildConfiguration section */

/* Begin XCConfigurationList section */
		13D4680E2AB5783100F5B42D /* Build configuration list for PBXProject "CollapsingHeaderTest" */ = {
			isa = XCConfigurationList;
			buildConfigurations = (
				13D468252AB5783200F5B42D /* Debug */,
				13D468262AB5783200F5B42D /* Release */,
			);
			defaultConfigurationIsVisible = 0;
			defaultConfigurationName = Release;
		};
		13D468272AB5783200F5B42D /* Build configuration list for PBXNativeTarget "CollapsingHeaderTest" */ = {
			isa = XCConfigurationList;
			buildConfigurations = (
				13D468282AB5783200F5B42D /* Debug */,
				13D468292AB5783200F5B42D /* Release */,
			);
			defaultConfigurationIsVisible = 0;
			defaultConfigurationName = Release;
		};
/* End XCConfigurationList section */
	};
	rootObject = 13D4680B2AB5783100F5B42D /* Project object */;
}
